// !$*UTF8*$!
{
	archiveVersion = 1;
	classes = {
	};
	objectVersion = 56;
	objects = {

/* Begin PBXBuildFile section */
		8C06AE622B9629CE00764C2B /* AppDelegate.swift in Sources */ = {isa = PBXBuildFile; fileRef = 8C06AE612B9629CE00764C2B /* AppDelegate.swift */; };
		8C06AE642B9629CE00764C2B /* SceneDelegate.swift in Sources */ = {isa = PBXBuildFile; fileRef = 8C06AE632B9629CE00764C2B /* SceneDelegate.swift */; };
		8C06AE662B9629CE00764C2B /* ViewController.swift in Sources */ = {isa = PBXBuildFile; fileRef = 8C06AE652B9629CE00764C2B /* ViewController.swift */; };
		8C06AE692B9629CE00764C2B /* Main.storyboard in Resources */ = {isa = PBXBuildFile; fileRef = 8C06AE672B9629CE00764C2B /* Main.storyboard */; };
		8C06AE6B2B9629D000764C2B /* Assets.xcassets in Resources */ = {isa = PBXBuildFile; fileRef = 8C06AE6A2B9629D000764C2B /* Assets.xcassets */; };
		8C06AE6E2B9629D000764C2B /* LaunchScreen.storyboard in Resources */ = {isa = PBXBuildFile; fileRef = 8C06AE6C2B9629D000764C2B /* LaunchScreen.storyboard */; };
		8C06AE842B962AD600764C2B /* RegisterViewController.swift in Sources */ = {isa = PBXBuildFile; fileRef = 8C06AE832B962AD600764C2B /* RegisterViewController.swift */; };
		8C06AE862B962ADF00764C2B /* RegisterModel.swift in Sources */ = {isa = PBXBuildFile; fileRef = 8C06AE852B962ADF00764C2B /* RegisterModel.swift */; };
		8C06AE882B962AE800764C2B /* RegisterViewModel.swift in Sources */ = {isa = PBXBuildFile; fileRef = 8C06AE872B962AE800764C2B /* RegisterViewModel.swift */; };
		8C06AE8A2B962E8900764C2B /* LoginViewController.swift in Sources */ = {isa = PBXBuildFile; fileRef = 8C06AE892B962E8900764C2B /* LoginViewController.swift */; };
		8C06AE8C2B962EE000764C2B /* LoginModel.swift in Sources */ = {isa = PBXBuildFile; fileRef = 8C06AE8B2B962EE000764C2B /* LoginModel.swift */; };
		8C06AE8E2B962EE900764C2B /* LoginViewModel.swift in Sources */ = {isa = PBXBuildFile; fileRef = 8C06AE8D2B962EE900764C2B /* LoginViewModel.swift */; };
		8CECB22D2B97120000BBAA19 /* TinyConstraints in Frameworks */ = {isa = PBXBuildFile; productRef = 8CECB22C2B97120000BBAA19 /* TinyConstraints */; };
		8CECB2302B97124E00BBAA19 /* Alamofire in Frameworks */ = {isa = PBXBuildFile; productRef = 8CECB22F2B97124E00BBAA19 /* Alamofire */; };
		8CECB2322B97124E00BBAA19 /* AlamofireDynamic in Frameworks */ = {isa = PBXBuildFile; productRef = 8CECB2312B97124E00BBAA19 /* AlamofireDynamic */; };
/* End PBXBuildFile section */

/* Begin PBXFileReference section */
		8C06AE5E2B9629CE00764C2B /* swift_general_review.app */ = {isa = PBXFileReference; explicitFileType = wrapper.application; includeInIndex = 0; path = swift_general_review.app; sourceTree = BUILT_PRODUCTS_DIR; };
		8C06AE612B9629CE00764C2B /* AppDelegate.swift */ = {isa = PBXFileReference; lastKnownFileType = sourcecode.swift; path = AppDelegate.swift; sourceTree = "<group>"; };
		8C06AE632B9629CE00764C2B /* SceneDelegate.swift */ = {isa = PBXFileReference; lastKnownFileType = sourcecode.swift; path = SceneDelegate.swift; sourceTree = "<group>"; };
		8C06AE652B9629CE00764C2B /* ViewController.swift */ = {isa = PBXFileReference; lastKnownFileType = sourcecode.swift; path = ViewController.swift; sourceTree = "<group>"; };
		8C06AE682B9629CE00764C2B /* Base */ = {isa = PBXFileReference; lastKnownFileType = file.storyboard; name = Base; path = Base.lproj/Main.storyboard; sourceTree = "<group>"; };
		8C06AE6A2B9629D000764C2B /* Assets.xcassets */ = {isa = PBXFileReference; lastKnownFileType = folder.assetcatalog; path = Assets.xcassets; sourceTree = "<group>"; };
		8C06AE6D2B9629D000764C2B /* Base */ = {isa = PBXFileReference; lastKnownFileType = file.storyboard; name = Base; path = Base.lproj/LaunchScreen.storyboard; sourceTree = "<group>"; };
		8C06AE6F2B9629D000764C2B /* Info.plist */ = {isa = PBXFileReference; lastKnownFileType = text.plist.xml; path = Info.plist; sourceTree = "<group>"; };
		8C06AE832B962AD600764C2B /* RegisterViewController.swift */ = {isa = PBXFileReference; lastKnownFileType = sourcecode.swift; path = RegisterViewController.swift; sourceTree = "<group>"; };
		8C06AE852B962ADF00764C2B /* RegisterModel.swift */ = {isa = PBXFileReference; lastKnownFileType = sourcecode.swift; path = RegisterModel.swift; sourceTree = "<group>"; };
		8C06AE872B962AE800764C2B /* RegisterViewModel.swift */ = {isa = PBXFileReference; lastKnownFileType = sourcecode.swift; path = RegisterViewModel.swift; sourceTree = "<group>"; };
		8C06AE892B962E8900764C2B /* LoginViewController.swift */ = {isa = PBXFileReference; lastKnownFileType = sourcecode.swift; path = LoginViewController.swift; sourceTree = "<group>"; };
		8C06AE8B2B962EE000764C2B /* LoginModel.swift */ = {isa = PBXFileReference; lastKnownFileType = sourcecode.swift; path = LoginModel.swift; sourceTree = "<group>"; };
		8C06AE8D2B962EE900764C2B /* LoginViewModel.swift */ = {isa = PBXFileReference; lastKnownFileType = sourcecode.swift; path = LoginViewModel.swift; sourceTree = "<group>"; };
/* End PBXFileReference section */

/* Begin PBXFrameworksBuildPhase section */
		8C06AE5B2B9629CE00764C2B /* Frameworks */ = {
			isa = PBXFrameworksBuildPhase;
			buildActionMask = 2147483647;
			files = (
				8CECB22D2B97120000BBAA19 /* TinyConstraints in Frameworks */,
				8CECB2322B97124E00BBAA19 /* AlamofireDynamic in Frameworks */,
				8CECB2302B97124E00BBAA19 /* Alamofire in Frameworks */,
			);
			runOnlyForDeploymentPostprocessing = 0;
		};
/* End PBXFrameworksBuildPhase section */

/* Begin PBXGroup section */
		8C06AE552B9629CE00764C2B = {
			isa = PBXGroup;
			children = (
				8C06AE602B9629CE00764C2B /* swift_general_review */,
				8C06AE5F2B9629CE00764C2B /* Products */,
			);
			sourceTree = "<group>";
		};
		8C06AE5F2B9629CE00764C2B /* Products */ = {
			isa = PBXGroup;
			children = (
				8C06AE5E2B9629CE00764C2B /* swift_general_review.app */,
			);
			name = Products;
			sourceTree = "<group>";
		};
		8C06AE602B9629CE00764C2B /* swift_general_review */ = {
			isa = PBXGroup;
			children = (
				8C06AE762B962A4A00764C2B /* Scenes */,
				8C06AE752B9629DA00764C2B /* Core */,
				8C06AE652B9629CE00764C2B /* ViewController.swift */,
				8C06AE672B9629CE00764C2B /* Main.storyboard */,
				8C06AE6A2B9629D000764C2B /* Assets.xcassets */,
				8C06AE6C2B9629D000764C2B /* LaunchScreen.storyboard */,
				8C06AE6F2B9629D000764C2B /* Info.plist */,
			);
			path = swift_general_review;
			sourceTree = "<group>";
		};
		8C06AE752B9629DA00764C2B /* Core */ = {
			isa = PBXGroup;
			children = (
				8C06AE612B9629CE00764C2B /* AppDelegate.swift */,
				8C06AE632B9629CE00764C2B /* SceneDelegate.swift */,
			);
			path = Core;
			sourceTree = "<group>";
		};
		8C06AE762B962A4A00764C2B /* Scenes */ = {
			isa = PBXGroup;
			children = (
				8C06AE7A2B962A7D00764C2B /* Register */,
				8C06AE792B962A7400764C2B /* Login */,
			);
			path = Scenes;
			sourceTree = "<group>";
		};
		8C06AE792B962A7400764C2B /* Login */ = {
			isa = PBXGroup;
			children = (
				8C06AE892B962E8900764C2B /* LoginViewController.swift */,
				8C06AE8B2B962EE000764C2B /* LoginModel.swift */,
				8C06AE8D2B962EE900764C2B /* LoginViewModel.swift */,
			);
			path = Login;
			sourceTree = "<group>";
		};
		8C06AE7A2B962A7D00764C2B /* Register */ = {
			isa = PBXGroup;
			children = (
				8C06AE832B962AD600764C2B /* RegisterViewController.swift */,
				8C06AE852B962ADF00764C2B /* RegisterModel.swift */,
				8C06AE872B962AE800764C2B /* RegisterViewModel.swift */,
			);
			path = Register;
			sourceTree = "<group>";
		};
/* End PBXGroup section */

/* Begin PBXNativeTarget section */
		8C06AE5D2B9629CE00764C2B /* swift_general_review */ = {
			isa = PBXNativeTarget;
			buildConfigurationList = 8C06AE722B9629D000764C2B /* Build configuration list for PBXNativeTarget "swift_general_review" */;
			buildPhases = (
				8C06AE5A2B9629CE00764C2B /* Sources */,
				8C06AE5B2B9629CE00764C2B /* Frameworks */,
				8C06AE5C2B9629CE00764C2B /* Resources */,
			);
			buildRules = (
			);
			dependencies = (
			);
			name = swift_general_review;
			packageProductDependencies = (
				8CECB22C2B97120000BBAA19 /* TinyConstraints */,
				8CECB22F2B97124E00BBAA19 /* Alamofire */,
				8CECB2312B97124E00BBAA19 /* AlamofireDynamic */,
			);
			productName = swift_general_review;
			productReference = 8C06AE5E2B9629CE00764C2B /* swift_general_review.app */;
			productType = "com.apple.product-type.application";
		};
/* End PBXNativeTarget section */

/* Begin PBXProject section */
		8C06AE562B9629CE00764C2B /* Project object */ = {
			isa = PBXProject;
			attributes = {
				BuildIndependentTargetsInParallel = 1;
				LastSwiftUpdateCheck = 1520;
				LastUpgradeCheck = 1520;
				TargetAttributes = {
					8C06AE5D2B9629CE00764C2B = {
						CreatedOnToolsVersion = 15.2;
					};
				};
			};
			buildConfigurationList = 8C06AE592B9629CE00764C2B /* Build configuration list for PBXProject "swift_general_review" */;
			compatibilityVersion = "Xcode 14.0";
			developmentRegion = en;
			hasScannedForEncodings = 0;
			knownRegions = (
				en,
				Base,
			);
			mainGroup = 8C06AE552B9629CE00764C2B;
			packageReferences = (
				8CECB22B2B97120000BBAA19 /* XCRemoteSwiftPackageReference "TinyConstraints" */,
				8CECB22E2B97124E00BBAA19 /* XCRemoteSwiftPackageReference "Alamofire" */,
			);
			productRefGroup = 8C06AE5F2B9629CE00764C2B /* Products */;
			projectDirPath = "";
			projectRoot = "";
			targets = (
				8C06AE5D2B9629CE00764C2B /* swift_general_review */,
			);
		};
/* End PBXProject section */

/* Begin PBXResourcesBuildPhase section */
		8C06AE5C2B9629CE00764C2B /* Resources */ = {
			isa = PBXResourcesBuildPhase;
			buildActionMask = 2147483647;
			files = (
				8C06AE6E2B9629D000764C2B /* LaunchScreen.storyboard in Resources */,
				8C06AE6B2B9629D000764C2B /* Assets.xcassets in Resources */,
				8C06AE692B9629CE00764C2B /* Main.storyboard in Resources */,
			);
			runOnlyForDeploymentPostprocessing = 0;
		};
/* End PBXResourcesBuildPhase section */

/* Begin PBXSourcesBuildPhase section */
		8C06AE5A2B9629CE00764C2B /* Sources */ = {
			isa = PBXSourcesBuildPhase;
			buildActionMask = 2147483647;
			files = (
				8C06AE8A2B962E8900764C2B /* LoginViewController.swift in Sources */,
				8C06AE842B962AD600764C2B /* RegisterViewController.swift in Sources */,
				8C06AE862B962ADF00764C2B /* RegisterModel.swift in Sources */,
				8C06AE662B9629CE00764C2B /* ViewController.swift in Sources */,
				8C06AE622B9629CE00764C2B /* AppDelegate.swift in Sources */,
				8C06AE8C2B962EE000764C2B /* LoginModel.swift in Sources */,
				8C06AE882B962AE800764C2B /* RegisterViewModel.swift in Sources */,
				8C06AE642B9629CE00764C2B /* SceneDelegate.swift in Sources */,
				8C06AE8E2B962EE900764C2B /* LoginViewModel.swift in Sources */,
			);
			runOnlyForDeploymentPostprocessing = 0;
		};
/* End PBXSourcesBuildPhase section */

/* Begin PBXVariantGroup section */
		8C06AE672B9629CE00764C2B /* Main.storyboard */ = {
			isa = PBXVariantGroup;
			children = (
				8C06AE682B9629CE00764C2B /* Base */,
			);
			name = Main.storyboard;
			sourceTree = "<group>";
		};
		8C06AE6C2B9629D000764C2B /* LaunchScreen.storyboard */ = {
			isa = PBXVariantGroup;
			children = (
				8C06AE6D2B9629D000764C2B /* Base */,
			);
			name = LaunchScreen.storyboard;
			sourceTree = "<group>";
		};
/* End PBXVariantGroup section */

/* Begin XCBuildConfiguration section */
		8C06AE702B9629D000764C2B /* Debug */ = {
			isa = XCBuildConfiguration;
			buildSettings = {
				ALWAYS_SEARCH_USER_PATHS = NO;
				ASSETCATALOG_COMPILER_GENERATE_SWIFT_ASSET_SYMBOL_EXTENSIONS = YES;
				CLANG_ANALYZER_NONNULL = YES;
				CLANG_ANALYZER_NUMBER_OBJECT_CONVERSION = YES_AGGRESSIVE;
				CLANG_CXX_LANGUAGE_STANDARD = "gnu++20";
				CLANG_ENABLE_MODULES = YES;
				CLANG_ENABLE_OBJC_ARC = YES;
				CLANG_ENABLE_OBJC_WEAK = YES;
				CLANG_WARN_BLOCK_CAPTURE_AUTORELEASING = YES;
				CLANG_WARN_BOOL_CONVERSION = YES;
				CLANG_WARN_COMMA = YES;
				CLANG_WARN_CONSTANT_CONVERSION = YES;
				CLANG_WARN_DEPRECATED_OBJC_IMPLEMENTATIONS = YES;
				CLANG_WARN_DIRECT_OBJC_ISA_USAGE = YES_ERROR;
				CLANG_WARN_DOCUMENTATION_COMMENTS = YES;
				CLANG_WARN_EMPTY_BODY = YES;
				CLANG_WARN_ENUM_CONVERSION = YES;
				CLANG_WARN_INFINITE_RECURSION = YES;
				CLANG_WARN_INT_CONVERSION = YES;
				CLANG_WARN_NON_LITERAL_NULL_CONVERSION = YES;
				CLANG_WARN_OBJC_IMPLICIT_RETAIN_SELF = YES;
				CLANG_WARN_OBJC_LITERAL_CONVERSION = YES;
				CLANG_WARN_OBJC_ROOT_CLASS = YES_ERROR;
				CLANG_WARN_QUOTED_INCLUDE_IN_FRAMEWORK_HEADER = YES;
				CLANG_WARN_RANGE_LOOP_ANALYSIS = YES;
				CLANG_WARN_STRICT_PROTOTYPES = YES;
				CLANG_WARN_SUSPICIOUS_MOVE = YES;
				CLANG_WARN_UNGUARDED_AVAILABILITY = YES_AGGRESSIVE;
				CLANG_WARN_UNREACHABLE_CODE = YES;
				CLANG_WARN__DUPLICATE_METHOD_MATCH = YES;
				COPY_PHASE_STRIP = NO;
				DEBUG_INFORMATION_FORMAT = dwarf;
				ENABLE_STRICT_OBJC_MSGSEND = YES;
				ENABLE_TESTABILITY = YES;
				ENABLE_USER_SCRIPT_SANDBOXING = YES;
				GCC_C_LANGUAGE_STANDARD = gnu17;
				GCC_DYNAMIC_NO_PIC = NO;
				GCC_NO_COMMON_BLOCKS = YES;
				GCC_OPTIMIZATION_LEVEL = 0;
				GCC_PREPROCESSOR_DEFINITIONS = (
					"DEBUG=1",
					"$(inherited)",
				);
				GCC_WARN_64_TO_32_BIT_CONVERSION = YES;
				GCC_WARN_ABOUT_RETURN_TYPE = YES_ERROR;
				GCC_WARN_UNDECLARED_SELECTOR = YES;
				GCC_WARN_UNINITIALIZED_AUTOS = YES_AGGRESSIVE;
				GCC_WARN_UNUSED_FUNCTION = YES;
				GCC_WARN_UNUSED_VARIABLE = YES;
				IPHONEOS_DEPLOYMENT_TARGET = 17.2;
				LOCALIZATION_PREFERS_STRING_CATALOGS = YES;
				MTL_ENABLE_DEBUG_INFO = INCLUDE_SOURCE;
				MTL_FAST_MATH = YES;
				ONLY_ACTIVE_ARCH = YES;
				SDKROOT = iphoneos;
				SWIFT_ACTIVE_COMPILATION_CONDITIONS = "DEBUG $(inherited)";
				SWIFT_OPTIMIZATION_LEVEL = "-Onone";
			};
			name = Debug;
		};
		8C06AE712B9629D000764C2B /* Release */ = {
			isa = XCBuildConfiguration;
			buildSettings = {
				ALWAYS_SEARCH_USER_PATHS = NO;
				ASSETCATALOG_COMPILER_GENERATE_SWIFT_ASSET_SYMBOL_EXTENSIONS = YES;
				CLANG_ANALYZER_NONNULL = YES;
				CLANG_ANALYZER_NUMBER_OBJECT_CONVERSION = YES_AGGRESSIVE;
				CLANG_CXX_LANGUAGE_STANDARD = "gnu++20";
				CLANG_ENABLE_MODULES = YES;
				CLANG_ENABLE_OBJC_ARC = YES;
				CLANG_ENABLE_OBJC_WEAK = YES;
				CLANG_WARN_BLOCK_CAPTURE_AUTORELEASING = YES;
				CLANG_WARN_BOOL_CONVERSION = YES;
				CLANG_WARN_COMMA = YES;
				CLANG_WARN_CONSTANT_CONVERSION = YES;
				CLANG_WARN_DEPRECATED_OBJC_IMPLEMENTATIONS = YES;
				CLANG_WARN_DIRECT_OBJC_ISA_USAGE = YES_ERROR;
				CLANG_WARN_DOCUMENTATION_COMMENTS = YES;
				CLANG_WARN_EMPTY_BODY = YES;
				CLANG_WARN_ENUM_CONVERSION = YES;
				CLANG_WARN_INFINITE_RECURSION = YES;
				CLANG_WARN_INT_CONVERSION = YES;
				CLANG_WARN_NON_LITERAL_NULL_CONVERSION = YES;
				CLANG_WARN_OBJC_IMPLICIT_RETAIN_SELF = YES;
				CLANG_WARN_OBJC_LITERAL_CONVERSION = YES;
				CLANG_WARN_OBJC_ROOT_CLASS = YES_ERROR;
				CLANG_WARN_QUOTED_INCLUDE_IN_FRAMEWORK_HEADER = YES;
				CLANG_WARN_RANGE_LOOP_ANALYSIS = YES;
				CLANG_WARN_STRICT_PROTOTYPES = YES;
				CLANG_WARN_SUSPICIOUS_MOVE = YES;
				CLANG_WARN_UNGUARDED_AVAILABILITY = YES_AGGRESSIVE;
				CLANG_WARN_UNREACHABLE_CODE = YES;
				CLANG_WARN__DUPLICATE_METHOD_MATCH = YES;
				COPY_PHASE_STRIP = NO;
				DEBUG_INFORMATION_FORMAT = "dwarf-with-dsym";
				ENABLE_NS_ASSERTIONS = NO;
				ENABLE_STRICT_OBJC_MSGSEND = YES;
				ENABLE_USER_SCRIPT_SANDBOXING = YES;
				GCC_C_LANGUAGE_STANDARD = gnu17;
				GCC_NO_COMMON_BLOCKS = YES;
				GCC_WARN_64_TO_32_BIT_CONVERSION = YES;
				GCC_WARN_ABOUT_RETURN_TYPE = YES_ERROR;
				GCC_WARN_UNDECLARED_SELECTOR = YES;
				GCC_WARN_UNINITIALIZED_AUTOS = YES_AGGRESSIVE;
				GCC_WARN_UNUSED_FUNCTION = YES;
				GCC_WARN_UNUSED_VARIABLE = YES;
				IPHONEOS_DEPLOYMENT_TARGET = 17.2;
				LOCALIZATION_PREFERS_STRING_CATALOGS = YES;
				MTL_ENABLE_DEBUG_INFO = NO;
				MTL_FAST_MATH = YES;
				SDKROOT = iphoneos;
				SWIFT_COMPILATION_MODE = wholemodule;
				VALIDATE_PRODUCT = YES;
			};
			name = Release;
		};
		8C06AE732B9629D000764C2B /* Debug */ = {
			isa = XCBuildConfiguration;
			buildSettings = {
				ASSETCATALOG_COMPILER_APPICON_NAME = AppIcon;
				ASSETCATALOG_COMPILER_GLOBAL_ACCENT_COLOR_NAME = AccentColor;
				CODE_SIGN_STYLE = Automatic;
				CURRENT_PROJECT_VERSION = 1;
				DEVELOPMENT_TEAM = XL7ZZA458A;
				GENERATE_INFOPLIST_FILE = YES;
				INFOPLIST_FILE = swift_general_review/Info.plist;
				INFOPLIST_KEY_UIApplicationSupportsIndirectInputEvents = YES;
				INFOPLIST_KEY_UILaunchStoryboardName = LaunchScreen;
				INFOPLIST_KEY_UIMainStoryboardFile = Main;
				INFOPLIST_KEY_UISupportedInterfaceOrientations_iPad = "UIInterfaceOrientationPortrait UIInterfaceOrientationPortraitUpsideDown UIInterfaceOrientationLandscapeLeft UIInterfaceOrientationLandscapeRight";
				INFOPLIST_KEY_UISupportedInterfaceOrientations_iPhone = "UIInterfaceOrientationPortrait UIInterfaceOrientationLandscapeLeft UIInterfaceOrientationLandscapeRight";
				LD_RUNPATH_SEARCH_PATHS = (
					"$(inherited)",
					"@executable_path/Frameworks",
				);
				MARKETING_VERSION = 1.0;
				PRODUCT_BUNDLE_IDENTIFIER = "Kaan.swift-general-review";
				PRODUCT_NAME = "$(TARGET_NAME)";
				SWIFT_EMIT_LOC_STRINGS = YES;
				SWIFT_VERSION = 5.0;
				TARGETED_DEVICE_FAMILY = "1,2";
			};
			name = Debug;
		};
		8C06AE742B9629D000764C2B /* Release */ = {
			isa = XCBuildConfiguration;
			buildSettings = {
				ASSETCATALOG_COMPILER_APPICON_NAME = AppIcon;
				ASSETCATALOG_COMPILER_GLOBAL_ACCENT_COLOR_NAME = AccentColor;
				CODE_SIGN_STYLE = Automatic;
				CURRENT_PROJECT_VERSION = 1;
				DEVELOPMENT_TEAM = XL7ZZA458A;
				GENERATE_INFOPLIST_FILE = YES;
				INFOPLIST_FILE = swift_general_review/Info.plist;
				INFOPLIST_KEY_UIApplicationSupportsIndirectInputEvents = YES;
				INFOPLIST_KEY_UILaunchStoryboardName = LaunchScreen;
				INFOPLIST_KEY_UIMainStoryboardFile = Main;
				INFOPLIST_KEY_UISupportedInterfaceOrientations_iPad = "UIInterfaceOrientationPortrait UIInterfaceOrientationPortraitUpsideDown UIInterfaceOrientationLandscapeLeft UIInterfaceOrientationLandscapeRight";
				INFOPLIST_KEY_UISupportedInterfaceOrientations_iPhone = "UIInterfaceOrientationPortrait UIInterfaceOrientationLandscapeLeft UIInterfaceOrientationLandscapeRight";
				LD_RUNPATH_SEARCH_PATHS = (
					"$(inherited)",
					"@executable_path/Frameworks",
				);
				MARKETING_VERSION = 1.0;
				PRODUCT_BUNDLE_IDENTIFIER = "Kaan.swift-general-review";
				PRODUCT_NAME = "$(TARGET_NAME)";
				SWIFT_EMIT_LOC_STRINGS = YES;
				SWIFT_VERSION = 5.0;
				TARGETED_DEVICE_FAMILY = "1,2";
			};
			name = Release;
		};
/* End XCBuildConfiguration section */

/* Begin XCConfigurationList section */
		8C06AE592B9629CE00764C2B /* Build configuration list for PBXProject "swift_general_review" */ = {
			isa = XCConfigurationList;
			buildConfigurations = (
				8C06AE702B9629D000764C2B /* Debug */,
				8C06AE712B9629D000764C2B /* Release */,
			);
			defaultConfigurationIsVisible = 0;
			defaultConfigurationName = Release;
		};
		8C06AE722B9629D000764C2B /* Build configuration list for PBXNativeTarget "swift_general_review" */ = {
			isa = XCConfigurationList;
			buildConfigurations = (
				8C06AE732B9629D000764C2B /* Debug */,
				8C06AE742B9629D000764C2B /* Release */,
			);
			defaultConfigurationIsVisible = 0;
			defaultConfigurationName = Release;
		};
/* End XCConfigurationList section */

/* Begin XCRemoteSwiftPackageReference section */
		8CECB22B2B97120000BBAA19 /* XCRemoteSwiftPackageReference "TinyConstraints" */ = {
			isa = XCRemoteSwiftPackageReference;
			repositoryURL = "https://github.com/roberthein/TinyConstraints.git";
			requirement = {
				kind = upToNextMajorVersion;
				minimumVersion = 4.0.2;
			};
		};
		8CECB22E2B97124E00BBAA19 /* XCRemoteSwiftPackageReference "Alamofire" */ = {
			isa = XCRemoteSwiftPackageReference;
			repositoryURL = "https://github.com/Alamofire/Alamofire";
			requirement = {
				kind = upToNextMajorVersion;
				minimumVersion = 5.9.0;
			};
		};
/* End XCRemoteSwiftPackageReference section */

/* Begin XCSwiftPackageProductDependency section */
		8CECB22C2B97120000BBAA19 /* TinyConstraints */ = {
			isa = XCSwiftPackageProductDependency;
			package = 8CECB22B2B97120000BBAA19 /* XCRemoteSwiftPackageReference "TinyConstraints" */;
			productName = TinyConstraints;
		};
		8CECB22F2B97124E00BBAA19 /* Alamofire */ = {
			isa = XCSwiftPackageProductDependency;
			package = 8CECB22E2B97124E00BBAA19 /* XCRemoteSwiftPackageReference "Alamofire" */;
			productName = Alamofire;
		};
		8CECB2312B97124E00BBAA19 /* AlamofireDynamic */ = {
			isa = XCSwiftPackageProductDependency;
			package = 8CECB22E2B97124E00BBAA19 /* XCRemoteSwiftPackageReference "Alamofire" */;
			productName = AlamofireDynamic;
		};
/* End XCSwiftPackageProductDependency section */
	};
	rootObject = 8C06AE562B9629CE00764C2B /* Project object */;
}
